Microsoft Visual Studio Solution File, Format Version 12.00
# Visual Studio Version 17
VisualStudioVersion = 17.0.31903.59
MinimumVisualStudioVersion = 10.0.40219.1
Project("{FAE04EC0-301F-11D3-BF4B-00C04F79EFBC}") = "NSWallet.iOS", "iOS\NSWallet.iOS.csproj", "{F1062638-2421-4C91-ACF9-1B06A42D89A3}"
EndProject
Project("{FAE04EC0-301F-11D3-BF4B-00C04F79EFBC}") = "NSWallet.Droid", "Droid\NSWallet.Droid.csproj", "{2E95B9CE-A8BA-4AEB-A43C-5119F0480688}"
EndProject
Project("{D954291E-2A0B-460D-934E-DC6B0785DB48}") = "NSWallet.Shared", "NSWallet.Shared\NSWallet.Shared.shproj", "{5CE49CD5-E234-42D3-BF5A-0A8386456A3D}"
EndProject
Project("{FAE04EC0-301F-11D3-BF4B-00C04F79EFBC}") = "NSWallet.Mac", "NSWallet.Mac\NSWallet.Mac.csproj", "{1AE8CDD0-F03F-4302-B688-0E29E3AA5969}"
EndProject
Project("{9A19103F-16F7-4668-BE54-9A1E7A4F7556}") = "NSWallet.Console", "NSWallet.Console\NSWallet.Console.csproj", "{A476D603-79DC-4AA7-B51B-2B03B82D33DC}"
EndProject
Project("{9A19103F-16F7-4668-BE54-9A1E7A4F7556}") = "NSWallet.UnitTests", "NSWallet.UnitTests\NSWallet.UnitTests.csproj", "{71420C5A-F79C-4CCD-889F-62CE63F24B31}"
EndProject
Project("{9A19103F-16F7-4668-BE54-9A1E7A4F7556}") = "NSWallet", "NSWallet\NSWallet.csproj", "{4B530BEF-60C5-45D6-AD3D-B9CF4CA60B01}"
EndProject
Global
	GlobalSection(SharedMSBuildProjectFiles) = preSolution
		NSWallet.Shared\NSWallet.Shared.projitems*{4b530bef-60c5-45d6-ad3d-b9cf4ca60b01}*SharedItemsImports = 5
		NSWallet.Shared\NSWallet.Shared.projitems*{5ce49cd5-e234-42d3-bf5a-0a8386456a3d}*SharedItemsImports = 13
		NSWallet.Shared\NSWallet.Shared.projitems*{a476d603-79dc-4aa7-b51b-2b03b82d33dc}*SharedItemsImports = 5
	EndGlobalSection
	GlobalSection(SolutionConfigurationPlatforms) = preSolution
		Debug|Any CPU = Debug|Any CPU
		Debug|iPhone = Debug|iPhone
		Debug|iPhoneSimulator = Debug|iPhoneSimulator
		Release|Any CPU = Release|Any CPU
		Release|iPhone = Release|iPhone
		Release|iPhoneSimulator = Release|iPhoneSimulator
		ReleaseProd|Any CPU = ReleaseProd|Any CPU
		ReleaseProd|iPhone = ReleaseProd|iPhone
		ReleaseProd|iPhoneSimulator = ReleaseProd|iPhoneSimulator
		UiTesting|Any CPU = UiTesting|Any CPU
		UiTesting|iPhone = UiTesting|iPhone
		UiTesting|iPhoneSimulator = UiTesting|iPhoneSimulator
		UnitTesting|Any CPU = UnitTesting|Any CPU
		UnitTesting|iPhone = UnitTesting|iPhone
		UnitTesting|iPhoneSimulator = UnitTesting|iPhoneSimulator
	EndGlobalSection
	GlobalSection(ProjectConfigurationPlatforms) = postSolution
		{F1062638-2421-4C91-ACF9-1B06A42D89A3}.Debug|Any CPU.ActiveCfg = Debug|iPhoneSimulator
		{F1062638-2421-4C91-ACF9-1B06A42D89A3}.Debug|Any CPU.Build.0 = Debug|iPhoneSimulator
		{F1062638-2421-4C91-ACF9-1B06A42D89A3}.Debug|iPhone.ActiveCfg = Debug|iPhone
		{F1062638-2421-4C91-ACF9-1B06A42D89A3}.Debug|iPhone.Build.0 = Debug|iPhone
		{F1062638-2421-4C91-ACF9-1B06A42D89A3}.Debug|iPhoneSimulator.ActiveCfg = Debug|iPhoneSimulator
		{F1062638-2421-4C91-ACF9-1B06A42D89A3}.Debug|iPhoneSimulator.Build.0 = Debug|iPhoneSimulator
		{F1062638-2421-4C91-ACF9-1B06A42D89A3}.Release|Any CPU.ActiveCfg = Debug|iPhoneSimulator
		{F1062638-2421-4C91-ACF9-1B06A42D89A3}.Release|Any CPU.Build.0 = Debug|iPhoneSimulator
		{F1062638-2421-4C91-ACF9-1B06A42D89A3}.Release|iPhone.ActiveCfg = Release|iPhone
		{F1062638-2421-4C91-ACF9-1B06A42D89A3}.Release|iPhone.Build.0 = Release|iPhone
		{F1062638-2421-4C91-ACF9-1B06A42D89A3}.Release|iPhoneSimulator.ActiveCfg = Release|iPhoneSimulator
		{F1062638-2421-4C91-ACF9-1B06A42D89A3}.Release|iPhoneSimulator.Build.0 = Release|iPhoneSimulator
		{F1062638-2421-4C91-ACF9-1B06A42D89A3}.ReleaseProd|Any CPU.ActiveCfg = ReleaseProd|iPhoneSimulator
		{F1062638-2421-4C91-ACF9-1B06A42D89A3}.ReleaseProd|Any CPU.Build.0 = ReleaseProd|iPhoneSimulator
		{F1062638-2421-4C91-ACF9-1B06A42D89A3}.ReleaseProd|iPhone.ActiveCfg = ReleaseProd|iPhone
		{F1062638-2421-4C91-ACF9-1B06A42D89A3}.ReleaseProd|iPhone.Build.0 = ReleaseProd|iPhone
		{F1062638-2421-4C91-ACF9-1B06A42D89A3}.ReleaseProd|iPhoneSimulator.ActiveCfg = ReleaseProd|iPhoneSimulator
		{F1062638-2421-4C91-ACF9-1B06A42D89A3}.ReleaseProd|iPhoneSimulator.Build.0 = ReleaseProd|iPhoneSimulator
		{F1062638-2421-4C91-ACF9-1B06A42D89A3}.UiTesting|Any CPU.ActiveCfg = Debug|iPhoneSimulator
		{F1062638-2421-4C91-ACF9-1B06A42D89A3}.UiTesting|Any CPU.Build.0 = Debug|iPhoneSimulator
		{F1062638-2421-4C91-ACF9-1B06A42D89A3}.UiTesting|iPhone.ActiveCfg = ReleaseProd|iPhone
		{F1062638-2421-4C91-ACF9-1B06A42D89A3}.UiTesting|iPhone.Build.0 = ReleaseProd|iPhone
		{F1062638-2421-4C91-ACF9-1B06A42D89A3}.UiTesting|iPhoneSimulator.ActiveCfg = ReleaseProd|iPhoneSimulator
		{F1062638-2421-4C91-ACF9-1B06A42D89A3}.UiTesting|iPhoneSimulator.Build.0 = ReleaseProd|iPhoneSimulator
		{F1062638-2421-4C91-ACF9-1B06A42D89A3}.UnitTesting|Any CPU.ActiveCfg = ReleaseProd|iPhoneSimulator
		{F1062638-2421-4C91-ACF9-1B06A42D89A3}.UnitTesting|Any CPU.Build.0 = ReleaseProd|iPhoneSimulator
		{F1062638-2421-4C91-ACF9-1B06A42D89A3}.UnitTesting|iPhone.ActiveCfg = ReleaseProd|iPhone
		{F1062638-2421-4C91-ACF9-1B06A42D89A3}.UnitTesting|iPhone.Build.0 = ReleaseProd|iPhone
		{F1062638-2421-4C91-ACF9-1B06A42D89A3}.UnitTesting|iPhoneSimulator.ActiveCfg = ReleaseProd|iPhoneSimulator
		{F1062638-2421-4C91-ACF9-1B06A42D89A3}.UnitTesting|iPhoneSimulator.Build.0 = ReleaseProd|iPhoneSimulator
		{2E95B9CE-A8BA-4AEB-A43C-5119F0480688}.Debug|Any CPU.ActiveCfg = Debug|Any CPU
		{2E95B9CE-A8BA-4AEB-A43C-5119F0480688}.Debug|Any CPU.Build.0 = Debug|Any CPU
		{2E95B9CE-A8BA-4AEB-A43C-5119F0480688}.Debug|iPhone.ActiveCfg = Debug|Any CPU
		{2E95B9CE-A8BA-4AEB-A43C-5119F0480688}.Debug|iPhone.Build.0 = Debug|Any CPU
		{2E95B9CE-A8BA-4AEB-A43C-5119F0480688}.Debug|iPhoneSimulator.ActiveCfg = Debug|Any CPU
		{2E95B9CE-A8BA-4AEB-A43C-5119F0480688}.Debug|iPhoneSimulator.Build.0 = Debug|Any CPU
		{2E95B9CE-A8BA-4AEB-A43C-5119F0480688}.Release|Any CPU.ActiveCfg = Release|Any CPU
		{2E95B9CE-A8BA-4AEB-A43C-5119F0480688}.Release|Any CPU.Build.0 = Release|Any CPU
		{2E95B9CE-A8BA-4AEB-A43C-5119F0480688}.Release|iPhone.ActiveCfg = Release|Any CPU
		{2E95B9CE-A8BA-4AEB-A43C-5119F0480688}.Release|iPhone.Build.0 = Release|Any CPU
		{2E95B9CE-A8BA-4AEB-A43C-5119F0480688}.Release|iPhoneSimulator.ActiveCfg = Release|Any CPU
		{2E95B9CE-A8BA-4AEB-A43C-5119F0480688}.Release|iPhoneSimulator.Build.0 = Release|Any CPU
		{2E95B9CE-A8BA-4AEB-A43C-5119F0480688}.ReleaseProd|Any CPU.ActiveCfg = ReleaseProd|Any CPU
		{2E95B9CE-A8BA-4AEB-A43C-5119F0480688}.ReleaseProd|Any CPU.Build.0 = ReleaseProd|Any CPU
		{2E95B9CE-A8BA-4AEB-A43C-5119F0480688}.ReleaseProd|Any CPU.Deploy.0 = ReleaseProd|Any CPU
		{2E95B9CE-A8BA-4AEB-A43C-5119F0480688}.ReleaseProd|iPhone.ActiveCfg = Release|Any CPU
		{2E95B9CE-A8BA-4AEB-A43C-5119F0480688}.ReleaseProd|iPhone.Build.0 = Release|Any CPU
		{2E95B9CE-A8BA-4AEB-A43C-5119F0480688}.ReleaseProd|iPhoneSimulator.ActiveCfg = ReleaseProd|Any CPU
		{2E95B9CE-A8BA-4AEB-A43C-5119F0480688}.ReleaseProd|iPhoneSimulator.Build.0 = ReleaseProd|Any CPU
		{2E95B9CE-A8BA-4AEB-A43C-5119F0480688}.ReleaseProd|iPhoneSimulator.Deploy.0 = ReleaseProd|Any CPU
		{2E95B9CE-A8BA-4AEB-A43C-5119F0480688}.UiTesting|Any CPU.ActiveCfg = Debug|Any CPU
		{2E95B9CE-A8BA-4AEB-A43C-5119F0480688}.UiTesting|Any CPU.Build.0 = Debug|Any CPU
		{2E95B9CE-A8BA-4AEB-A43C-5119F0480688}.UiTesting|iPhone.ActiveCfg = Ad-Hoc|Any CPU
		{2E95B9CE-A8BA-4AEB-A43C-5119F0480688}.UiTesting|iPhone.Build.0 = Ad-Hoc|Any CPU
		{2E95B9CE-A8BA-4AEB-A43C-5119F0480688}.UiTesting|iPhone.Deploy.0 = Ad-Hoc|Any CPU
		{2E95B9CE-A8BA-4AEB-A43C-5119F0480688}.UiTesting|iPhoneSimulator.ActiveCfg = Ad-Hoc|Any CPU
		{2E95B9CE-A8BA-4AEB-A43C-5119F0480688}.UiTesting|iPhoneSimulator.Build.0 = Ad-Hoc|Any CPU
		{2E95B9CE-A8BA-4AEB-A43C-5119F0480688}.UiTesting|iPhoneSimulator.Deploy.0 = Ad-Hoc|Any CPU
		{2E95B9CE-A8BA-4AEB-A43C-5119F0480688}.UnitTesting|Any CPU.ActiveCfg = Ad-Hoc|Any CPU
		{2E95B9CE-A8BA-4AEB-A43C-5119F0480688}.UnitTesting|Any CPU.Build.0 = Ad-Hoc|Any CPU
		{2E95B9CE-A8BA-4AEB-A43C-5119F0480688}.UnitTesting|Any CPU.Deploy.0 = Ad-Hoc|Any CPU
		{2E95B9CE-A8BA-4AEB-A43C-5119F0480688}.UnitTesting|iPhone.ActiveCfg = Ad-Hoc|Any CPU
		{2E95B9CE-A8BA-4AEB-A43C-5119F0480688}.UnitTesting|iPhone.Build.0 = Ad-Hoc|Any CPU
		{2E95B9CE-A8BA-4AEB-A43C-5119F0480688}.UnitTesting|iPhone.Deploy.0 = Ad-Hoc|Any CPU
		{2E95B9CE-A8BA-4AEB-A43C-5119F0480688}.UnitTesting|iPhoneSimulator.ActiveCfg = Ad-Hoc|Any CPU
		{2E95B9CE-A8BA-4AEB-A43C-5119F0480688}.UnitTesting|iPhoneSimulator.Build.0 = Ad-Hoc|Any CPU
		{2E95B9CE-A8BA-4AEB-A43C-5119F0480688}.UnitTesting|iPhoneSimulator.Deploy.0 = Ad-Hoc|Any CPU
		{1AE8CDD0-F03F-4302-B688-0E29E3AA5969}.Debug|Any CPU.ActiveCfg = Debug|Any CPU
		{1AE8CDD0-F03F-4302-B688-0E29E3AA5969}.Debug|Any CPU.Build.0 = Debug|Any CPU
		{1AE8CDD0-F03F-4302-B688-0E29E3AA5969}.Debug|iPhone.ActiveCfg = Debug|Any CPU
		{1AE8CDD0-F03F-4302-B688-0E29E3AA5969}.Debug|iPhone.Build.0 = Debug|Any CPU
		{1AE8CDD0-F03F-4302-B688-0E29E3AA5969}.Debug|iPhoneSimulator.ActiveCfg = Debug|Any CPU
		{1AE8CDD0-F03F-4302-B688-0E29E3AA5969}.Debug|iPhoneSimulator.Build.0 = Debug|Any CPU
		{1AE8CDD0-F03F-4302-B688-0E29E3AA5969}.Release|Any CPU.ActiveCfg = Release|Any CPU
		{1AE8CDD0-F03F-4302-B688-0E29E3AA5969}.Release|iPhone.ActiveCfg = Release|Any CPU
		{1AE8CDD0-F03F-4302-B688-0E29E3AA5969}.Release|iPhoneSimulator.ActiveCfg = Release|Any CPU
		{1AE8CDD0-F03F-4302-B688-0E29E3AA5969}.ReleaseProd|Any CPU.ActiveCfg = Release|Any CPU
		{1AE8CDD0-F03F-4302-B688-0E29E3AA5969}.ReleaseProd|Any CPU.Build.0 = Release|Any CPU
		{1AE8CDD0-F03F-4302-B688-0E29E3AA5969}.ReleaseProd|iPhone.ActiveCfg = Release|Any CPU
		{1AE8CDD0-F03F-4302-B688-0E29E3AA5969}.ReleaseProd|iPhoneSimulator.ActiveCfg = Release|Any CPU
		{1AE8CDD0-F03F-4302-B688-0E29E3AA5969}.ReleaseProd|iPhoneSimulator.Build.0 = Release|Any CPU
		{1AE8CDD0-F03F-4302-B688-0E29E3AA5969}.UiTesting|Any CPU.ActiveCfg = Debug|Any CPU
		{1AE8CDD0-F03F-4302-B688-0E29E3AA5969}.UiTesting|iPhone.ActiveCfg = Release|Any CPU
		{1AE8CDD0-F03F-4302-B688-0E29E3AA5969}.UiTesting|iPhone.Build.0 = Release|Any CPU
		{1AE8CDD0-F03F-4302-B688-0E29E3AA5969}.UiTesting|iPhoneSimulator.ActiveCfg = Release|Any CPU
		{1AE8CDD0-F03F-4302-B688-0E29E3AA5969}.UiTesting|iPhoneSimulator.Build.0 = Release|Any CPU
		{1AE8CDD0-F03F-4302-B688-0E29E3AA5969}.UnitTesting|Any CPU.ActiveCfg = Debug|Any CPU
		{1AE8CDD0-F03F-4302-B688-0E29E3AA5969}.UnitTesting|iPhone.ActiveCfg = Release|Any CPU
		{1AE8CDD0-F03F-4302-B688-0E29E3AA5969}.UnitTesting|iPhone.Build.0 = Release|Any CPU
		{1AE8CDD0-F03F-4302-B688-0E29E3AA5969}.UnitTesting|iPhoneSimulator.ActiveCfg = Release|Any CPU
		{1AE8CDD0-F03F-4302-B688-0E29E3AA5969}.UnitTesting|iPhoneSimulator.Build.0 = Release|Any CPU
		{A476D603-79DC-4AA7-B51B-2B03B82D33DC}.Debug|Any CPU.ActiveCfg = Debug|Any CPU
		{A476D603-79DC-4AA7-B51B-2B03B82D33DC}.Debug|Any CPU.Build.0 = Debug|Any CPU
		{A476D603-79DC-4AA7-B51B-2B03B82D33DC}.Debug|iPhone.ActiveCfg = Debug|Any CPU
		{A476D603-79DC-4AA7-B51B-2B03B82D33DC}.Debug|iPhone.Build.0 = Debug|Any CPU
		{A476D603-79DC-4AA7-B51B-2B03B82D33DC}.Debug|iPhoneSimulator.ActiveCfg = Debug|Any CPU
		{A476D603-79DC-4AA7-B51B-2B03B82D33DC}.Debug|iPhoneSimulator.Build.0 = Debug|Any CPU
		{A476D603-79DC-4AA7-B51B-2B03B82D33DC}.Release|Any CPU.ActiveCfg = Release|Any CPU
		{A476D603-79DC-4AA7-B51B-2B03B82D33DC}.Release|Any CPU.Build.0 = Release|Any CPU
		{A476D603-79DC-4AA7-B51B-2B03B82D33DC}.Release|iPhone.ActiveCfg = Release|Any CPU
		{A476D603-79DC-4AA7-B51B-2B03B82D33DC}.Release|iPhone.Build.0 = Release|Any CPU
		{A476D603-79DC-4AA7-B51B-2B03B82D33DC}.Release|iPhoneSimulator.ActiveCfg = Release|Any CPU
		{A476D603-79DC-4AA7-B51B-2B03B82D33DC}.Release|iPhoneSimulator.Build.0 = Release|Any CPU
		{A476D603-79DC-4AA7-B51B-2B03B82D33DC}.ReleaseProd|Any CPU.ActiveCfg = Release|Any CPU
		{A476D603-79DC-4AA7-B51B-2B03B82D33DC}.ReleaseProd|Any CPU.Build.0 = Release|Any CPU
		{A476D603-79DC-4AA7-B51B-2B03B82D33DC}.ReleaseProd|iPhone.ActiveCfg = Release|Any CPU
		{A476D603-79DC-4AA7-B51B-2B03B82D33DC}.ReleaseProd|iPhoneSimulator.ActiveCfg = Release|Any CPU
		{A476D603-79DC-4AA7-B51B-2B03B82D33DC}.ReleaseProd|iPhoneSimulator.Build.0 = Release|Any CPU
		{A476D603-79DC-4AA7-B51B-2B03B82D33DC}.UiTesting|Any CPU.ActiveCfg = Debug|Any CPU
		{A476D603-79DC-4AA7-B51B-2B03B82D33DC}.UiTesting|iPhone.ActiveCfg = Release|Any CPU
		{A476D603-79DC-4AA7-B51B-2B03B82D33DC}.UiTesting|iPhone.Build.0 = Release|Any CPU
		{A476D603-79DC-4AA7-B51B-2B03B82D33DC}.UiTesting|iPhoneSimulator.ActiveCfg = Release|Any CPU
		{A476D603-79DC-4AA7-B51B-2B03B82D33DC}.UiTesting|iPhoneSimulator.Build.0 = Release|Any CPU
		{A476D603-79DC-4AA7-B51B-2B03B82D33DC}.UnitTesting|Any CPU.ActiveCfg = Debug|Any CPU
		{A476D603-79DC-4AA7-B51B-2B03B82D33DC}.UnitTesting|iPhone.ActiveCfg = Release|Any CPU
		{A476D603-79DC-4AA7-B51B-2B03B82D33DC}.UnitTesting|iPhone.Build.0 = Release|Any CPU
		{A476D603-79DC-4AA7-B51B-2B03B82D33DC}.UnitTesting|iPhoneSimulator.ActiveCfg = Release|Any CPU
		{A476D603-79DC-4AA7-B51B-2B03B82D33DC}.UnitTesting|iPhoneSimulator.Build.0 = Release|Any CPU
		{71420C5A-F79C-4CCD-889F-62CE63F24B31}.Debug|Any CPU.ActiveCfg = Debug|Any CPU
		{71420C5A-F79C-4CCD-889F-62CE63F24B31}.Debug|Any CPU.Build.0 = Debug|Any CPU
		{71420C5A-F79C-4CCD-889F-62CE63F24B31}.Debug|iPhone.ActiveCfg = Debug|Any CPU
		{71420C5A-F79C-4CCD-889F-62CE63F24B31}.Debug|iPhone.Build.0 = Debug|Any CPU
		{71420C5A-F79C-4CCD-889F-62CE63F24B31}.Debug|iPhoneSimulator.ActiveCfg = Debug|Any CPU
		{71420C5A-F79C-4CCD-889F-62CE63F24B31}.Debug|iPhoneSimulator.Build.0 = Debug|Any CPU
		{71420C5A-F79C-4CCD-889F-62CE63F24B31}.Release|Any CPU.ActiveCfg = Release|Any CPU
		{71420C5A-F79C-4CCD-889F-62CE63F24B31}.Release|iPhone.ActiveCfg = Release|Any CPU
		{71420C5A-F79C-4CCD-889F-62CE63F24B31}.Release|iPhoneSimulator.ActiveCfg = Release|Any CPU
		{71420C5A-F79C-4CCD-889F-62CE63F24B31}.Release|iPhoneSimulator.Build.0 = Release|Any CPU
		{71420C5A-F79C-4CCD-889F-62CE63F24B31}.ReleaseProd|Any CPU.ActiveCfg = Release|Any CPU
		{71420C5A-F79C-4CCD-889F-62CE63F24B31}.ReleaseProd|Any CPU.Build.0 = Release|Any CPU
		{71420C5A-F79C-4CCD-889F-62CE63F24B31}.ReleaseProd|iPhone.ActiveCfg = Release|Any CPU
		{71420C5A-F79C-4CCD-889F-62CE63F24B31}.ReleaseProd|iPhoneSimulator.ActiveCfg = Release|Any CPU
		{71420C5A-F79C-4CCD-889F-62CE63F24B31}.ReleaseProd|iPhoneSimulator.Build.0 = Release|Any CPU
		{71420C5A-F79C-4CCD-889F-62CE63F24B31}.UiTesting|Any CPU.ActiveCfg = Debug|Any CPU
		{71420C5A-F79C-4CCD-889F-62CE63F24B31}.UiTesting|iPhone.ActiveCfg = Release|Any CPU
		{71420C5A-F79C-4CCD-889F-62CE63F24B31}.UiTesting|iPhone.Build.0 = Release|Any CPU
		{71420C5A-F79C-4CCD-889F-62CE63F24B31}.UiTesting|iPhoneSimulator.ActiveCfg = Release|Any CPU
		{71420C5A-F79C-4CCD-889F-62CE63F24B31}.UiTesting|iPhoneSimulator.Build.0 = Release|Any CPU
		{71420C5A-F79C-4CCD-889F-62CE63F24B31}.UnitTesting|Any CPU.ActiveCfg = Release|Any CPU
		{71420C5A-F79C-4CCD-889F-62CE63F24B31}.UnitTesting|Any CPU.Build.0 = Release|Any CPU
		{71420C5A-F79C-4CCD-889F-62CE63F24B31}.UnitTesting|iPhone.ActiveCfg = Release|Any CPU
		{71420C5A-F79C-4CCD-889F-62CE63F24B31}.UnitTesting|iPhone.Build.0 = Release|Any CPU
		{71420C5A-F79C-4CCD-889F-62CE63F24B31}.UnitTesting|iPhoneSimulator.ActiveCfg = Release|Any CPU
		{71420C5A-F79C-4CCD-889F-62CE63F24B31}.UnitTesting|iPhoneSimulator.Build.0 = Release|Any CPU
		{4B530BEF-60C5-45D6-AD3D-B9CF4CA60B01}.Debug|Any CPU.ActiveCfg = Debug|Any CPU
		{4B530BEF-60C5-45D6-AD3D-B9CF4CA60B01}.Debug|Any CPU.Build.0 = Debug|Any CPU
		{4B530BEF-60C5-45D6-AD3D-B9CF4CA60B01}.Debug|iPhone.ActiveCfg = Debug|Any CPU
		{4B530BEF-60C5-45D6-AD3D-B9CF4CA60B01}.Debug|iPhone.Build.0 = Debug|Any CPU
		{4B530BEF-60C5-45D6-AD3D-B9CF4CA60B01}.Debug|iPhoneSimulator.ActiveCfg = Debug|Any CPU
		{4B530BEF-60C5-45D6-AD3D-B9CF4CA60B01}.Debug|iPhoneSimulator.Build.0 = Debug|Any CPU
		{4B530BEF-60C5-45D6-AD3D-B9CF4CA60B01}.Release|Any CPU.ActiveCfg = Release|Any CPU
		{4B530BEF-60C5-45D6-AD3D-B9CF4CA60B01}.Release|Any CPU.Build.0 = Release|Any CPU
		{4B530BEF-60C5-45D6-AD3D-B9CF4CA60B01}.Release|iPhone.ActiveCfg = Release|Any CPU
		{4B530BEF-60C5-45D6-AD3D-B9CF4CA60B01}.Release|iPhone.Build.0 = Release|Any CPU
		{4B530BEF-60C5-45D6-AD3D-B9CF4CA60B01}.Release|iPhoneSimulator.ActiveCfg = Release|Any CPU
		{4B530BEF-60C5-45D6-AD3D-B9CF4CA60B01}.Release|iPhoneSimulator.Build.0 = Release|Any CPU
		{4B530BEF-60C5-45D6-AD3D-B9CF4CA60B01}.ReleaseProd|Any CPU.ActiveCfg = Release|Any CPU
		{4B530BEF-60C5-45D6-AD3D-B9CF4CA60B01}.ReleaseProd|Any CPU.Build.0 = Release|Any CPU
		{4B530BEF-60C5-45D6-AD3D-B9CF4CA60B01}.ReleaseProd|iPhone.ActiveCfg = Release|Any CPU
		{4B530BEF-60C5-45D6-AD3D-B9CF4CA60B01}.ReleaseProd|iPhone.Build.0 = Release|Any CPU
		{4B530BEF-60C5-45D6-AD3D-B9CF4CA60B01}.ReleaseProd|iPhoneSimulator.ActiveCfg = Release|Any CPU
		{4B530BEF-60C5-45D6-AD3D-B9CF4CA60B01}.ReleaseProd|iPhoneSimulator.Build.0 = Release|Any CPU
		{4B530BEF-60C5-45D6-AD3D-B9CF4CA60B01}.UiTesting|Any CPU.ActiveCfg = Debug|Any CPU
		{4B530BEF-60C5-45D6-AD3D-B9CF4CA60B01}.UiTesting|Any CPU.Build.0 = Debug|Any CPU
		{4B530BEF-60C5-45D6-AD3D-B9CF4CA60B01}.UiTesting|iPhone.ActiveCfg = Release|Any CPU
		{4B530BEF-60C5-45D6-AD3D-B9CF4CA60B01}.UiTesting|iPhone.Build.0 = Release|Any CPU
		{4B530BEF-60C5-45D6-AD3D-B9CF4CA60B01}.UiTesting|iPhoneSimulator.ActiveCfg = Release|Any CPU
		{4B530BEF-60C5-45D6-AD3D-B9CF4CA60B01}.UiTesting|iPhoneSimulator.Build.0 = Release|Any CPU
		{4B530BEF-60C5-45D6-AD3D-B9CF4CA60B01}.UnitTesting|Any CPU.ActiveCfg = Debug|Any CPU
		{4B530BEF-60C5-45D6-AD3D-B9CF4CA60B01}.UnitTesting|iPhone.ActiveCfg = Release|Any CPU
		{4B530BEF-60C5-45D6-AD3D-B9CF4CA60B01}.UnitTesting|iPhone.Build.0 = Release|Any CPU
		{4B530BEF-60C5-45D6-AD3D-B9CF4CA60B01}.UnitTesting|iPhoneSimulator.ActiveCfg = Release|Any CPU
		{4B530BEF-60C5-45D6-AD3D-B9CF4CA60B01}.UnitTesting|iPhoneSimulator.Build.0 = Release|Any CPU
	EndGlobalSection
	GlobalSection(SolutionProperties) = preSolution
		HideSolutionNode = FALSE
	EndGlobalSection
	GlobalSection(ExtensibilityGlobals) = postSolution
		SolutionGuid = {9E9FB105-4889-4D40-AFA0-4F7FD8D84554}
	EndGlobalSection
	GlobalSection(MonoDevelopProperties) = preSolution
		Policies = $0
		$0.DotNetNamingPolicy = $1
		$1.DirectoryNamespaceAssociation = PrefixedHierarchical
		$0.TextStylePolicy = $4
		$2.inheritsSet = null
		$2.scope = text/x-json
		$0.JSONFormattingPolicy = $3
		$3.AutoStructureCompletion = True
		$3.BracePositions = SemiExpanded
		$3.FormatOnPaste = True
		$3.scope = text/x-json
		$4.EolMarker = Unix
		$4.scope = text/x-csharp
		$0.CSharpFormattingPolicy = $5
		$5.NewLinesForBracesInProperties = False
		$5.NewLinesForBracesInAccessors = False
		$5.NewLinesForBracesInAnonymousMethods = False
		$5.NewLinesForBracesInControlBlocks = False
		$5.NewLinesForBracesInAnonymousTypes = False
		$5.NewLinesForBracesInObjectCollectionArrayInitializers = False
		$5.NewLinesForBracesInLambdaExpressionBody = False
		$5.NewLineForElse = False
		$5.NewLineForCatch = False
		$5.NewLineForFinally = False
		$5.NewLineForMembersInObjectInit = False
		$5.NewLineForMembersInAnonymousTypes = False
		$5.NewLineForClausesInQuery = False
		$5.scope = text/x-csharp
	EndGlobalSection
EndGlobal
